
Microsoft Visual Studio Solution File, Format Version 12.00
# Visual Studio 14
VisualStudioVersion = 14.0.25420.1
MinimumVisualStudioVersion = 10.0.40219.1
Project("{FAE04EC0-301F-11D3-BF4B-00C04F79EFBC}") = "ClayOMS", "ClayOMS\ClayOMS.csproj", "{428C1FBF-0C7B-42E4-B803-173B84E95139}"
EndProject
Project("{FAE04EC0-301F-11D3-BF4B-00C04F79EFBC}") = "Clay.OMS.Data", "Data\Clay.OMS.Data.csproj", "{53C97CBB-B7DD-4DA7-9C9B-F85F38FEFDF6}"
EndProject
Project("{FAE04EC0-301F-11D3-BF4B-00C04F79EFBC}") = "Clay.OMS.Message", "Message\Clay.OMS.Message.csproj", "{742DAF4B-1D90-4F76-AB3C-4AF3485D9052}"
EndProject
Project("{FAE04EC0-301F-11D3-BF4B-00C04F79EFBC}") = "Clay.OMS.Business", "Business\Clay.OMS.Business.csproj", "{EA4B2EE2-A3AC-4F99-8363-53E193F1F56F}"
EndProject
Global
	GlobalSection(SolutionConfigurationPlatforms) = preSolution
		Debug|Any CPU = Debug|Any CPU
		Release|Any CPU = Release|Any CPU
	EndGlobalSection
	GlobalSection(ProjectConfigurationPlatforms) = postSolution
		{428C1FBF-0C7B-42E4-B803-173B84E95139}.Debug|Any CPU.ActiveCfg = Debug|Any CPU
		{428C1FBF-0C7B-42E4-B803-173B84E95139}.Debug|Any CPU.Build.0 = Debug|Any CPU
		{428C1FBF-0C7B-42E4-B803-173B84E95139}.Release|Any CPU.ActiveCfg = Release|Any CPU
		{428C1FBF-0C7B-42E4-B803-173B84E95139}.Release|Any CPU.Build.0 = Release|Any CPU
		{53C97CBB-B7DD-4DA7-9C9B-F85F38FEFDF6}.Debug|Any CPU.ActiveCfg = Debug|Any CPU
		{53C97CBB-B7DD-4DA7-9C9B-F85F38FEFDF6}.Debug|Any CPU.Build.0 = Debug|Any CPU
		{53C97CBB-B7DD-4DA7-9C9B-F85F38FEFDF6}.Release|Any CPU.ActiveCfg = Release|Any CPU
		{53C97CBB-B7DD-4DA7-9C9B-F85F38FEFDF6}.Release|Any CPU.Build.0 = Release|Any CPU
		{742DAF4B-1D90-4F76-AB3C-4AF3485D9052}.Debug|Any CPU.ActiveCfg = Debug|Any CPU
		{742DAF4B-1D90-4F76-AB3C-4AF3485D9052}.Debug|Any CPU.Build.0 = Debug|Any CPU
		{742DAF4B-1D90-4F76-AB3C-4AF3485D9052}.Release|Any CPU.ActiveCfg = Release|Any CPU
		{742DAF4B-1D90-4F76-AB3C-4AF3485D9052}.Release|Any CPU.Build.0 = Release|Any CPU
		{EA4B2EE2-A3AC-4F99-8363-53E193F1F56F}.Debug|Any CPU.ActiveCfg = Debug|Any CPU
		{EA4B2EE2-A3AC-4F99-8363-53E193F1F56F}.Debug|Any CPU.Build.0 = Debug|Any CPU
		{EA4B2EE2-A3AC-4F99-8363-53E193F1F56F}.Release|Any CPU.ActiveCfg = Release|Any CPU
		{EA4B2EE2-A3AC-4F99-8363-53E193F1F56F}.Release|Any CPU.Build.0 = Release|Any CPU
	EndGlobalSection
	GlobalSection(SolutionProperties) = preSolution
		HideSolutionNode = FALSE
	EndGlobalSection
EndGlobal
